<?xml version="1.0" encoding="utf-8"?>
<Project ToolsVersion="4.0" xmlns="http://schemas.microsoft.com/developer/msbuild/2003">
  <ItemGroup>
    <Filter Include="systems">
      <UniqueIdentifier>{7e86c545-9cc6-4672-a7d1-6274659ada36}</UniqueIdentifier>
    </Filter>
    <Filter Include="logic">
      <UniqueIdentifier>{17c01515-ab47-4edb-881e-be78ea958a37}</UniqueIdentifier>
    </Filter>
    <Filter Include="graphics">
      <UniqueIdentifier>{c400e817-9426-48c2-902f-fd5e82cecaab}</UniqueIdentifier>
    </Filter>
    <Filter Include="headers">
      <UniqueIdentifier>{a1fd62f0-dd8f-404e-9f75-bfd99009f3e5}</UniqueIdentifier>
    </Filter>
    <Filter Include="headers\graphics">
      <UniqueIdentifier>{92ce9de5-12a8-4e7c-a06e-5968d419d6d1}</UniqueIdentifier>
    </Filter>
    <Filter Include="headers\systems">
      <UniqueIdentifier>{413a979c-b770-4af6-b157-b5b4e8810029}</UniqueIdentifier>
    </Filter>
    <Filter Include="headers\logic">
      <UniqueIdentifier>{5bea7127-2a7a-4ec3-9b57-0bc26466e5b0}</UniqueIdentifier>
    </Filter>
  </ItemGroup>
  <ItemGroup>
    <ClInclude Include="Player.h">
      <Filter>headers\logic</Filter>
    </ClInclude>
    <ClInclude Include="Message.h">
      <Filter>headers\logic</Filter>
    </ClInclude>
    <ClInclude Include="Enemy.h">
      <Filter>headers\logic</Filter>
    </ClInclude>
    <ClInclude Include="GameSystem.h">
      <Filter>headers\systems</Filter>
    </ClInclude>
    <ClInclude Include="FileSystem.h">
      <Filter>headers\systems</Filter>
    </ClInclude>
    <ClInclude Include="Level.h">
      <Filter>headers\graphics</Filter>
    </ClInclude>
    <ClInclude Include="Graphics.h">
      <Filter>headers\graphics</Filter>
    </ClInclude>
    <ClInclude Include="entities.h">
      <Filter>headers</Filter>
    </ClInclude>
  </ItemGroup>
  <ItemGroup>
    <ClCompile Include="main.cpp" />
    <ClCompile Include="GameSystem.cpp">
      <Filter>systems</Filter>
    </ClCompile>
    <ClCompile Include="FileSystem.cpp">
      <Filter>systems</Filter>
    </ClCompile>
    <ClCompile Include="Graphics.cpp">
      <Filter>graphics</Filter>
    </ClCompile>
    <ClCompile Include="Level.cpp">
      <Filter>graphics</Filter>
    </ClCompile>
    <ClCompile Include="Message.cpp">
      <Filter>logic</Filter>
    </ClCompile>
    <ClCompile Include="Player.cpp">
      <Filter>logic</Filter>
    </ClCompile>
    <ClCompile Include="Enemy.cpp">
      <Filter>logic</Filter>
    </ClCompile>
  </ItemGroup>
</Project>